
Microsoft Visual Studio Solution File, Format Version 11.00
# Visual Studio 2010
Project("{E24C65DC-7377-472B-9ABA-BC803B73C61A}") = "OriginalIntranet", "OriginalIntranet\", "{29AD83A0-4F1A-416C-B80F-B72523B3F13D}"
	ProjectSection(WebsiteProperties) = preProject
		TargetFrameworkMoniker = ".NETFramework,Version%3Dv3.5"
		ProjectReferences = "{1D263BD1-E286-40BF-8BC3-8804EC68AD61}|VeritasDAL.dll;"
		Debug.AspNetCompiler.VirtualPath = "/OriginalIntranet"
		Debug.AspNetCompiler.PhysicalPath = "OriginalIntranet\"
		Debug.AspNetCompiler.TargetPath = "PrecompiledWeb\OriginalIntranet\"
		Debug.AspNetCompiler.Updateable = "true"
		Debug.AspNetCompiler.ForceOverwrite = "true"
		Debug.AspNetCompiler.FixedNames = "false"
		Debug.AspNetCompiler.Debug = "True"
		Release.AspNetCompiler.VirtualPath = "/OriginalIntranet"
		Release.AspNetCompiler.PhysicalPath = "OriginalIntranet\"
		Release.AspNetCompiler.TargetPath = "PrecompiledWeb\OriginalIntranet\"
		Release.AspNetCompiler.Updateable = "true"
		Release.AspNetCompiler.ForceOverwrite = "true"
		Release.AspNetCompiler.FixedNames = "false"
		Release.AspNetCompiler.Debug = "False"
		VWDPort = "2105"
	EndProjectSection
EndProject
Project("{FAE04EC0-301F-11D3-BF4B-00C04F79EFBC}") = "DAL", "DAL\DAL.csproj", "{1D263BD1-E286-40BF-8BC3-8804EC68AD61}"
EndProject
Global
	GlobalSection(SolutionConfigurationPlatforms) = preSolution
		Debug|Any CPU = Debug|Any CPU
		Release|Any CPU = Release|Any CPU
	EndGlobalSection
	GlobalSection(ProjectConfigurationPlatforms) = postSolution
		{29AD83A0-4F1A-416C-B80F-B72523B3F13D}.Debug|Any CPU.ActiveCfg = Debug|Any CPU
		{29AD83A0-4F1A-416C-B80F-B72523B3F13D}.Debug|Any CPU.Build.0 = Debug|Any CPU
		{29AD83A0-4F1A-416C-B80F-B72523B3F13D}.Release|Any CPU.ActiveCfg = Debug|Any CPU
		{29AD83A0-4F1A-416C-B80F-B72523B3F13D}.Release|Any CPU.Build.0 = Debug|Any CPU
		{1D263BD1-E286-40BF-8BC3-8804EC68AD61}.Debug|Any CPU.ActiveCfg = Debug|Any CPU
		{1D263BD1-E286-40BF-8BC3-8804EC68AD61}.Debug|Any CPU.Build.0 = Debug|Any CPU
		{1D263BD1-E286-40BF-8BC3-8804EC68AD61}.Release|Any CPU.ActiveCfg = Release|Any CPU
		{1D263BD1-E286-40BF-8BC3-8804EC68AD61}.Release|Any CPU.Build.0 = Release|Any CPU
	EndGlobalSection
	GlobalSection(SolutionProperties) = preSolution
		HideSolutionNode = FALSE
	EndGlobalSection
EndGlobal
